{
    "_meta": {
        "hash": {
            "sha256": "fe6b9fc0e150b05d4201293c123858b311ca6813d3f8e2c2518e715248580117"
        },
        "pipfile-spec": 6,
        "requires": {
            "python_version": "3.9"
        },
        "sources": [
            {
                "name": "pypi",
                "url": "https://pypi.org/simple",
                "verify_ssl": true
            }
        ]
    },
    "default": {
        "asgiref": {
            "hashes": [],
            "version": "==3.7.2"
        },
        "dj-database-url": {
            "hashes": [],
            "version": "==2.0.0"
        },
        "django": {
            "hashes": [],
            "version": "==4.2.4"
        },
        "django-widget-tweaks": {
            "hashes": [
                "sha256:9bfc5c705684754a83cc81da328b39ad1b80f32bd0f4340e2a810cbab4b0c00e",
                "sha256:fe6b17d5d595c63331f300917980db2afcf71f240ab9341b954aea8f45d25b9a"
            ],
            "index": "pypi",
            "version": "==1.4.12"
        },
        "python-decouple": {
            "hashes": [
                "sha256:ba6e2657d4f376ecc46f77a3a615e058d93ba5e465c01bbe57289bfb7cce680f",
                "sha256:d0d45340815b25f4de59c974b855bb38d03151d81b037d9e3f463b0c9f8cbd66"
            ],
            "index": "pypi",
            "version": "==3.8"
        },
        "sqlparse": {
            "hashes": [],
            "version": "==0.4.4"
        },
        "whitenoise": {
            "hashes": [],
            "version": "==6.5.0"
        }
    },
    "develop": {}
}
