{
    "_meta": {
        "hash": {
            "sha256": "bf36df77f919df2ef788b71a0fd16f7e61d4a91b490cc6863394fa0dda400c7d"
        },
        "pipfile-spec": 6,
        "requires": {
            "python_version": "3.9"
        },
        "sources": [
            {
                "name": "pypi",
                "url": "https://pypi.org/simple",
                "verify_ssl": true
            }
        ]
    },
    "default": {
        "asgiref": {
            "hashes": [
                "sha256:1d2880b792ae8757289136f1db2b7b99100ce959b2aa57fd69dab783d05afac4",
                "sha256:4a29362a6acebe09bf1d6640db38c1dc3d9217c68e6f9f6204d72667fc19a424"
            ],
            "version": "==3.5.2"
        },
        "dj-database-url": {
            "hashes": [
                "sha256:4aeaeb1f573c74835b0686a2b46b85990571159ffc21aa57ecd4d1e1cb334163",
                "sha256:851785365761ebe4994a921b433062309eb882fedd318e1b0fcecc607ed02da9"
            ],
            "index": "pypi",
            "version": "==0.5.0"
        },
        "django": {
            "hashes": [
                "sha256:502ae42b6ab1b612c933fb50d5ff850facf858a4c212f76946ecd8ea5b3bf2d9",
                "sha256:f7431a5de7277966f3785557c3928433347d998c1e6459324501378a291e5aab"
            ],
            "version": "==4.0.5"
        },
        "django-widget-tweaks": {
            "hashes": [
                "sha256:9bfc5c705684754a83cc81da328b39ad1b80f32bd0f4340e2a810cbab4b0c00e",
                "sha256:fe6b17d5d595c63331f300917980db2afcf71f240ab9341b954aea8f45d25b9a"
            ],
            "index": "pypi",
            "version": "==1.4.12"
        },
        "gunicorn": {
            "hashes": [
                "sha256:9dcc4547dbb1cb284accfb15ab5667a0e5d1881cc443e0677b4882a4067a807e",
                "sha256:e0a968b5ba15f8a328fdfd7ab1fcb5af4470c28aaf7e55df02a99bc13138e6e8"
            ],
            "index": "pypi",
            "version": "==20.1.0"
        },
        "psycopg2": {
            "hashes": [
                "sha256:06f32425949bd5fe8f625c49f17ebb9784e1e4fe928b7cce72edc36fb68e4c0c",
                "sha256:0762c27d018edbcb2d34d51596e4346c983bd27c330218c56c4dc25ef7e819bf",
                "sha256:083707a696e5e1c330af2508d8fab36f9700b26621ccbcb538abe22e15485362",
                "sha256:34b33e0162cfcaad151f249c2649fd1030010c16f4bbc40a604c1cb77173dcf7",
                "sha256:4295093a6ae3434d33ec6baab4ca5512a5082cc43c0505293087b8a46d108461",
                "sha256:8cf3878353cc04b053822896bc4922b194792df9df2f1ad8da01fb3043602126",
                "sha256:8e841d1bf3434da985cc5ef13e6f75c8981ced601fd70cc6bf33351b91562981",
                "sha256:9572e08b50aed176ef6d66f15a21d823bb6f6d23152d35e8451d7d2d18fdac56",
                "sha256:a81e3866f99382dfe8c15a151f1ca5fde5815fde879348fe5a9884a7c092a305",
                "sha256:cb10d44e6694d763fa1078a26f7f6137d69f555a78ec85dc2ef716c37447e4b2",
                "sha256:d3ca6421b942f60c008f81a3541e8faf6865a28d5a9b48544b0ee4f40cac7fca"
            ],
            "index": "pypi",
            "version": "==2.9.3"
        },
        "python-decouple": {
            "hashes": [
                "sha256:2838cdf77a5cf127d7e8b339ce14c25bceb3af3e674e039d4901ba16359968c7",
                "sha256:6cf502dc963a5c642ea5ead069847df3d916a6420cad5599185de6bab11d8c2e"
            ],
            "index": "pypi",
            "version": "==3.6"
        },
        "setuptools": {
            "hashes": [
                "sha256:5a844ad6e190dccc67d6d7411d119c5152ce01f7c76be4d8a1eaa314501bba77",
                "sha256:bf8a748ac98b09d32c9a64a995a6b25921c96cc5743c1efa82763ba80ff54e91"
            ],
            "version": "==62.4.0"
        },
        "sqlparse": {
            "hashes": [
                "sha256:0c00730c74263a94e5a9919ade150dfc3b19c574389985446148402998287dae",
                "sha256:48719e356bb8b42991bdbb1e8b83223757b93789c00910a616a071910ca4a64d"
            ],
            "markers": "python_version >= '3.5'",
            "version": "==0.4.2"
        },
        "whitenoise": {
            "hashes": [
                "sha256:2067fe9008a3cd7d0d75f75c9240b54f5f59996ca285cbeab18fc1e89949e30d",
                "sha256:6ccc6d1ad6fb688a398ea65d97db47f018ea0be7da75e146e8f2e837a04ba590"
            ],
            "version": "==6.1.0"
        }
    },
    "develop": {
        "autopep8": {
            "hashes": [
                "sha256:44f0932855039d2c15c4510d6df665e4730f2b8582704fa48f9c55bd3e17d979",
                "sha256:ed77137193bbac52d029a52c59bec1b0629b5a186c495f1eb21b126ac466083f"
            ],
            "index": "pypi",
            "version": "==1.6.0"
        },
        "flake8": {
            "hashes": [
                "sha256:479b1304f72536a55948cb40a32dce8bb0ffe3501e26eaf292c7e60eb5e0428d",
                "sha256:806e034dda44114815e23c16ef92f95c91e4c71100ff52813adf7132a6ad870d"
            ],
            "index": "pypi",
            "version": "==4.0.1"
        },
        "mccabe": {
            "hashes": [
                "sha256:348e0240c33b60bbdf4e523192ef919f28cb2c3d7d5c7794f74009290f236325",
                "sha256:6c2d30ab6be0e4a46919781807b4f0d834ebdd6c6e3dca0bda5a15f863427b6e"
            ],
            "version": "==0.7.0"
        },
        "mypy": {
            "hashes": [
                "sha256:0ebfb3f414204b98c06791af37a3a96772203da60636e2897408517fcfeee7a8",
                "sha256:239d6b2242d6c7f5822163ee082ef7a28ee02e7ac86c35593ef923796826a385",
                "sha256:29dc94d9215c3eb80ac3c2ad29d0c22628accfb060348fd23d73abe3ace6c10d",
                "sha256:2c7f8bb9619290836a4e167e2ef1f2cf14d70e0bc36c04441e41487456561409",
                "sha256:33d53a232bb79057f33332dbbb6393e68acbcb776d2f571ba4b1d50a2c8ba873",
                "sha256:3a3e525cd76c2c4f90f1449fd034ba21fcca68050ff7c8397bb7dd25dd8b8248",
                "sha256:3eabcbd2525f295da322dff8175258f3fc4c3eb53f6d1929644ef4d99b92e72d",
                "sha256:481f98c6b24383188c928f33dd2f0776690807e12e9989dd0419edd5c74aa53b",
                "sha256:7a76dc4f91e92db119b1be293892df8379b08fd31795bb44e0ff84256d34c251",
                "sha256:7d390248ec07fa344b9f365e6ed9d205bd0205e485c555bed37c4235c868e9d5",
                "sha256:826a2917c275e2ee05b7c7b736c1e6549a35b7ea5a198ca457f8c2ebea2cbecf",
                "sha256:85cf2b14d32b61db24ade8ac9ae7691bdfc572a403e3cb8537da936e74713275",
                "sha256:8d645e9e7f7a5da3ec3bbcc314ebb9bb22c7ce39e70367830eb3c08d0140b9ce",
                "sha256:925aa84369a07846b7f3b8556ccade1f371aa554f2bd4fb31cb97a24b73b036e",
                "sha256:a85a20b43fa69efc0b955eba1db435e2ffecb1ca695fe359768e0503b91ea89f",
                "sha256:bfd4f6536bd384c27c392a8b8f790fd0ed5c0cf2f63fc2fed7bce56751d53026",
                "sha256:cb7752b24528c118a7403ee955b6a578bfcf5879d5ee91790667c8ea511d2085",
                "sha256:cc537885891382e08129d9862553b3d00d4be3eb15b8cae9e2466452f52b0117",
                "sha256:d4fccf04c1acf750babd74252e0f2db6bd2ac3aa8fe960797d9f3ef41cf2bfd4",
                "sha256:f1ba54d440d4feee49d8768ea952137316d454b15301c44403db3f2cb51af024",
                "sha256:f47322796c412271f5aea48381a528a613f33e0a115452d03ae35d673e6064f8",
                "sha256:fbfb873cf2b8d8c3c513367febde932e061a5f73f762896826ba06391d932b2a",
                "sha256:ffdad80a92c100d1b0fe3d3cf1a4724136029a29afe8566404c0146747114382"
            ],
            "version": "==0.960"
        },
        "mypy-extensions": {
            "hashes": [
                "sha256:090fedd75945a69ae91ce1303b5824f428daf5a028d2f6ab8a299250a846f15d",
                "sha256:2d82818f5bb3e369420cb3c4060a7970edba416647068eb4c5343488a6c604a8"
            ],
            "version": "==0.4.3"
        },
        "pycodestyle": {
            "hashes": [
                "sha256:720f8b39dde8b293825e7ff02c475f3077124006db4f440dcbc9a20b76548a20",
                "sha256:eddd5847ef438ea1c7870ca7eb78a9d47ce0cdb4851a5523949f2601d0cbbe7f"
            ],
            "markers": "python_version >= '2.7' and python_version not in '3.0, 3.1, 3.2, 3.3, 3.4'",
            "version": "==2.8.0"
        },
        "pyflakes": {
            "hashes": [
                "sha256:05a85c2872edf37a4ed30b0cce2f6093e1d0581f8c19d7393122da7e25b2b24c",
                "sha256:3bb3a3f256f4b7968c9c788781e4ff07dce46bdf12339dcda61053375426ee2e"
            ],
            "markers": "python_version >= '2.7' and python_version not in '3.0, 3.1, 3.2, 3.3'",
            "version": "==2.4.0"
        },
        "toml": {
            "hashes": [
                "sha256:806143ae5bfb6a3c6e736a764057db0e6a0e05e338b5630894a5f779cabb4f9b",
                "sha256:b3bda1d108d5dd99f4a20d24d9c348e91c4db7ab1b749200bded2f839ccbe68f"
            ],
            "markers": "python_version >= '2.6' and python_version not in '3.0, 3.1, 3.2, 3.3'",
            "version": "==0.10.2"
        },
        "tomli": {
            "hashes": [
                "sha256:939de3e7a6161af0c887ef91b7d41a53e7c5a1ca976325f429cb46ea9bc30ecc",
                "sha256:de526c12914f0c550d15924c62d72abc48d6fe7364aa87328337a31007fe8a4f"
            ],
            "markers": "python_version < '3.11'",
            "version": "==2.0.1"
        },
        "typing-extensions": {
            "hashes": [
                "sha256:6657594ee297170d19f67d55c05852a874e7eb634f4f753dbd667855e07c1708",
                "sha256:f1c24655a0da0d1b67f07e17a5e6b2a105894e6824b92096378bb3668ef02376"
            ],
            "markers": "python_version >= '3.7'",
            "version": "==4.2.0"
        }
    }
}
